
Microsoft Visual Studio Solution File, Format Version 12.00
# Visual Studio Version 16
VisualStudioVersion = 16.0.30804.86
MinimumVisualStudioVersion = 10.0.40219.1
Project("{FAE04EC0-301F-11D3-BF4B-00C04F79EFBC}") = "EnumsStep261", "EnumsStep261\EnumsStep261.csproj", "{1DEDE35B-D34B-4DE4-A239-0AD470F57142}"
EndProject
Global
	GlobalSection(SolutionConfigurationPlatforms) = preSolution
		Debug|Any CPU = Debug|Any CPU
		Release|Any CPU = Release|Any CPU
	EndGlobalSection
	GlobalSection(ProjectConfigurationPlatforms) = postSolution
		{1DEDE35B-D34B-4DE4-A239-0AD470F57142}.Debug|Any CPU.ActiveCfg = Debug|Any CPU
		{1DEDE35B-D34B-4DE4-A239-0AD470F57142}.Debug|Any CPU.Build.0 = Debug|Any CPU
		{1DEDE35B-D34B-4DE4-A239-0AD470F57142}.Release|Any CPU.ActiveCfg = Release|Any CPU
		{1DEDE35B-D34B-4DE4-A239-0AD470F57142}.Release|Any CPU.Build.0 = Release|Any CPU
	EndGlobalSection
	GlobalSection(SolutionProperties) = preSolution
		HideSolutionNode = FALSE
	EndGlobalSection
	GlobalSection(ExtensibilityGlobals) = postSolution
		SolutionGuid = {6039D477-873E-4E00-B64C-1619C92B56B0}
	EndGlobalSection
EndGlobal
